// !$*UTF8*$!
{
	archiveVersion = 1;
	classes = {
	};
	objectVersion = 46;
	objects = {

/* Begin PBXBuildFile section */
		3D1A57EF195CA2EC00D13708 /* AppDelegate.swift in Sources */ = {isa = PBXBuildFile; fileRef = 3D1A57EE195CA2EC00D13708 /* AppDelegate.swift */; };
		3D1A57F1195CA2EC00D13708 /* ViewController.swift in Sources */ = {isa = PBXBuildFile; fileRef = 3D1A57F0195CA2EC00D13708 /* ViewController.swift */; };
		3D1A57F4195CA2EC00D13708 /* Main.storyboard in Resources */ = {isa = PBXBuildFile; fileRef = 3D1A57F2195CA2EC00D13708 /* Main.storyboard */; };
		3D1A57F6195CA2EC00D13708 /* Images.xcassets in Resources */ = {isa = PBXBuildFile; fileRef = 3D1A57F5195CA2EC00D13708 /* Images.xcassets */; };
		3D1A5802195CA2EC00D13708 /* PubNubGettingStartedTests.swift in Sources */ = {isa = PBXBuildFile; fileRef = 3D1A5801195CA2EC00D13708 /* PubNubGettingStartedTests.swift */; };
/* End PBXBuildFile section */

/* Begin PBXContainerItemProxy section */
		3D1A57FC195CA2EC00D13708 /* PBXContainerItemProxy */ = {
			isa = PBXContainerItemProxy;
			containerPortal = 3D1A57E1195CA2EC00D13708 /* Project object */;
			proxyType = 1;
			remoteGlobalIDString = 3D1A57E8195CA2EC00D13708;
			remoteInfo = PubNubGettingStarted;
		};
/* End PBXContainerItemProxy section */

/* Begin PBXFileReference section */
		3D1A57E9195CA2EC00D13708 /* PubNubGettingStarted.app */ = {isa = PBXFileReference; explicitFileType = wrapper.application; includeInIndex = 0; path = PubNubGettingStarted.app; sourceTree = BUILT_PRODUCTS_DIR; };
		3D1A57ED195CA2EC00D13708 /* Info.plist */ = {isa = PBXFileReference; lastKnownFileType = text.plist.xml; path = Info.plist; sourceTree = "<group>"; };
		3D1A57EE195CA2EC00D13708 /* AppDelegate.swift */ = {isa = PBXFileReference; lastKnownFileType = sourcecode.swift; path = AppDelegate.swift; sourceTree = "<group>"; };
		3D1A57F0195CA2EC00D13708 /* ViewController.swift */ = {isa = PBXFileReference; lastKnownFileType = sourcecode.swift; path = ViewController.swift; sourceTree = "<group>"; };
		3D1A57F3195CA2EC00D13708 /* Base */ = {isa = PBXFileReference; lastKnownFileType = file.storyboard; name = Base; path = Base.lproj/Main.storyboard; sourceTree = "<group>"; };
		3D1A57F5195CA2EC00D13708 /* Images.xcassets */ = {isa = PBXFileReference; lastKnownFileType = folder.assetcatalog; path = Images.xcassets; sourceTree = "<group>"; };
		3D1A57FB195CA2EC00D13708 /* PubNubGettingStartedTests.xctest */ = {isa = PBXFileReference; explicitFileType = wrapper.cfbundle; includeInIndex = 0; path = PubNubGettingStartedTests.xctest; sourceTree = BUILT_PRODUCTS_DIR; };
		3D1A5800195CA2EC00D13708 /* Info.plist */ = {isa = PBXFileReference; lastKnownFileType = text.plist.xml; path = Info.plist; sourceTree = "<group>"; };
		3D1A5801195CA2EC00D13708 /* PubNubGettingStartedTests.swift */ = {isa = PBXFileReference; lastKnownFileType = sourcecode.swift; path = PubNubGettingStartedTests.swift; sourceTree = "<group>"; };
/* End PBXFileReference section */

/* Begin PBXFrameworksBuildPhase section */
		3D1A57E6195CA2EC00D13708 /* Frameworks */ = {
			isa = PBXFrameworksBuildPhase;
			buildActionMask = 2147483647;
			files = (
			);
			runOnlyForDeploymentPostprocessing = 0;
		};
		3D1A57F8195CA2EC00D13708 /* Frameworks */ = {
			isa = PBXFrameworksBuildPhase;
			buildActionMask = 2147483647;
			files = (
			);
			runOnlyForDeploymentPostprocessing = 0;
		};
/* End PBXFrameworksBuildPhase section */

/* Begin PBXGroup section */
		3D1A57E0195CA2EC00D13708 = {
			isa = PBXGroup;
			children = (
				3D1A57EB195CA2EC00D13708 /* PubNubGettingStarted */,
				3D1A57FE195CA2EC00D13708 /* PubNubGettingStartedTests */,
				3D1A57EA195CA2EC00D13708 /* Products */,
			);
			sourceTree = "<group>";
		};
		3D1A57EA195CA2EC00D13708 /* Products */ = {
			isa = PBXGroup;
			children = (
				3D1A57E9195CA2EC00D13708 /* PubNubGettingStarted.app */,
				3D1A57FB195CA2EC00D13708 /* PubNubGettingStartedTests.xctest */,
			);
			name = Products;
			sourceTree = "<group>";
		};
		3D1A57EB195CA2EC00D13708 /* PubNubGettingStarted */ = {
			isa = PBXGroup;
			children = (
				3D1A57EE195CA2EC00D13708 /* AppDelegate.swift */,
				3D1A57F0195CA2EC00D13708 /* ViewController.swift */,
				3D1A57F2195CA2EC00D13708 /* Main.storyboard */,
				3D1A57F5195CA2EC00D13708 /* Images.xcassets */,
				3D1A57EC195CA2EC00D13708 /* Supporting Files */,
			);
			path = PubNubGettingStarted;
			sourceTree = "<group>";
		};
		3D1A57EC195CA2EC00D13708 /* Supporting Files */ = {
			isa = PBXGroup;
			children = (
				3D1A57ED195CA2EC00D13708 /* Info.plist */,
			);
			name = "Supporting Files";
			sourceTree = "<group>";
		};
		3D1A57FE195CA2EC00D13708 /* PubNubGettingStartedTests */ = {
			isa = PBXGroup;
			children = (
				3D1A5801195CA2EC00D13708 /* PubNubGettingStartedTests.swift */,
				3D1A57FF195CA2EC00D13708 /* Supporting Files */,
			);
			path = PubNubGettingStartedTests;
			sourceTree = "<group>";
		};
		3D1A57FF195CA2EC00D13708 /* Supporting Files */ = {
			isa = PBXGroup;
			children = (
				3D1A5800195CA2EC00D13708 /* Info.plist */,
			);
			name = "Supporting Files";
			sourceTree = "<group>";
		};
/* End PBXGroup section */

/* Begin PBXNativeTarget section */
		3D1A57E8195CA2EC00D13708 /* PubNubGettingStarted */ = {
			isa = PBXNativeTarget;
			buildConfigurationList = 3D1A5805195CA2EC00D13708 /* Build configuration list for PBXNativeTarget "PubNubGettingStarted" */;
			buildPhases = (
				3D1A57E5195CA2EC00D13708 /* Sources */,
				3D1A57E6195CA2EC00D13708 /* Frameworks */,
				3D1A57E7195CA2EC00D13708 /* Resources */,
			);
			buildRules = (
			);
			dependencies = (
			);
			name = PubNubGettingStarted;
			productName = PubNubGettingStarted;
			productReference = 3D1A57E9195CA2EC00D13708 /* PubNubGettingStarted.app */;
			productType = "com.apple.product-type.application";
		};
		3D1A57FA195CA2EC00D13708 /* PubNubGettingStartedTests */ = {
			isa = PBXNativeTarget;
			buildConfigurationList = 3D1A5808195CA2EC00D13708 /* Build configuration list for PBXNativeTarget "PubNubGettingStartedTests" */;
			buildPhases = (
				3D1A57F7195CA2EC00D13708 /* Sources */,
				3D1A57F8195CA2EC00D13708 /* Frameworks */,
				3D1A57F9195CA2EC00D13708 /* Resources */,
			);
			buildRules = (
			);
			dependencies = (
				3D1A57FD195CA2EC00D13708 /* PBXTargetDependency */,
			);
			name = PubNubGettingStartedTests;
			productName = PubNubGettingStartedTests;
			productReference = 3D1A57FB195CA2EC00D13708 /* PubNubGettingStartedTests.xctest */;
			productType = "com.apple.product-type.bundle.unit-test";
		};
/* End PBXNativeTarget section */

/* Begin PBXProject section */
		3D1A57E1195CA2EC00D13708 /* Project object */ = {
			isa = PBXProject;
			attributes = {
				LastUpgradeCheck = 0600;
				ORGANIZATIONNAME = PubNub;
				TargetAttributes = {
					3D1A57E8195CA2EC00D13708 = {
						CreatedOnToolsVersion = 6.0;
					};
					3D1A57FA195CA2EC00D13708 = {
						CreatedOnToolsVersion = 6.0;
						TestTargetID = 3D1A57E8195CA2EC00D13708;
					};
				};
			};
			buildConfigurationList = 3D1A57E4195CA2EC00D13708 /* Build configuration list for PBXProject "PubNubGettingStarted" */;
			compatibilityVersion = "Xcode 3.2";
			developmentRegion = English;
			hasScannedForEncodings = 0;
			knownRegions = (
				en,
				Base,
			);
			mainGroup = 3D1A57E0195CA2EC00D13708;
			productRefGroup = 3D1A57EA195CA2EC00D13708 /* Products */;
			projectDirPath = "";
			projectRoot = "";
			targets = (
				3D1A57E8195CA2EC00D13708 /* PubNubGettingStarted */,
				3D1A57FA195CA2EC00D13708 /* PubNubGettingStartedTests */,
			);
		};
/* End PBXProject section */

/* Begin PBXResourcesBuildPhase section */
		3D1A57E7195CA2EC00D13708 /* Resources */ = {
			isa = PBXResourcesBuildPhase;
			buildActionMask = 2147483647;
			files = (
				3D1A57F4195CA2EC00D13708 /* Main.storyboard in Resources */,
				3D1A57F6195CA2EC00D13708 /* Images.xcassets in Resources */,
			);
			runOnlyForDeploymentPostprocessing = 0;
		};
		3D1A57F9195CA2EC00D13708 /* Resources */ = {
			isa = PBXResourcesBuildPhase;
			buildActionMask = 2147483647;
			files = (
			);
			runOnlyForDeploymentPostprocessing = 0;
		};
/* End PBXResourcesBuildPhase section */

/* Begin PBXSourcesBuildPhase section */
		3D1A57E5195CA2EC00D13708 /* Sources */ = {
			isa = PBXSourcesBuildPhase;
			buildActionMask = 2147483647;
			files = (
				3D1A57F1195CA2EC00D13708 /* ViewController.swift in Sources */,
				3D1A57EF195CA2EC00D13708 /* AppDelegate.swift in Sources */,
			);
			runOnlyForDeploymentPostprocessing = 0;
		};
		3D1A57F7195CA2EC00D13708 /* Sources */ = {
			isa = PBXSourcesBuildPhase;
			buildActionMask = 2147483647;
			files = (
				3D1A5802195CA2EC00D13708 /* PubNubGettingStartedTests.swift in Sources */,
			);
			runOnlyForDeploymentPostprocessing = 0;
		};
/* End PBXSourcesBuildPhase section */

/* Begin PBXTargetDependency section */
		3D1A57FD195CA2EC00D13708 /* PBXTargetDependency */ = {
			isa = PBXTargetDependency;
			target = 3D1A57E8195CA2EC00D13708 /* PubNubGettingStarted */;
			targetProxy = 3D1A57FC195CA2EC00D13708 /* PBXContainerItemProxy */;
		};
/* End PBXTargetDependency section */

/* Begin PBXVariantGroup section */
		3D1A57F2195CA2EC00D13708 /* Main.storyboard */ = {
			isa = PBXVariantGroup;
			children = (
				3D1A57F3195CA2EC00D13708 /* Base */,
			);
			name = Main.storyboard;
			sourceTree = "<group>";
		};
/* End PBXVariantGroup section */

/* Begin XCBuildConfiguration section */
		3D1A5803195CA2EC00D13708 /* Debug */ = {
			isa = XCBuildConfiguration;
			buildSettings = {
				ALWAYS_SEARCH_USER_PATHS = NO;
				CLANG_CXX_LANGUAGE_STANDARD = "gnu++0x";
				CLANG_CXX_LIBRARY = "libc++";
				CLANG_ENABLE_MODULES = YES;
				CLANG_ENABLE_OBJC_ARC = YES;
				CLANG_WARN_BOOL_CONVERSION = YES;
				CLANG_WARN_CONSTANT_CONVERSION = YES;
				CLANG_WARN_DIRECT_OBJC_ISA_USAGE = YES_ERROR;
				CLANG_WARN_EMPTY_BODY = YES;
				CLANG_WARN_ENUM_CONVERSION = YES;
				CLANG_WARN_INT_CONVERSION = YES;
				CLANG_WARN_OBJC_ROOT_CLASS = YES_ERROR;
				CLANG_WARN_UNREACHABLE_CODE = YES;
				CLANG_WARN__DUPLICATE_METHOD_MATCH = YES;
				"CODE_SIGN_IDENTITY[sdk=iphoneos*]" = "iPhone Developer";
				COPY_PHASE_STRIP = NO;
				ENABLE_STRICT_OBJC_MSGSEND = YES;
				GCC_C_LANGUAGE_STANDARD = gnu99;
				GCC_DYNAMIC_NO_PIC = NO;
				GCC_OPTIMIZATION_LEVEL = 0;
				GCC_PREPROCESSOR_DEFINITIONS = (
					"DEBUG=1",
					"$(inherited)",
				);
				GCC_SYMBOLS_PRIVATE_EXTERN = NO;
				GCC_WARN_64_TO_32_BIT_CONVERSION = YES;
				GCC_WARN_ABOUT_RETURN_TYPE = YES_ERROR;
				GCC_WARN_UNDECLARED_SELECTOR = YES;
				GCC_WARN_UNINITIALIZED_AUTOS = YES_AGGRESSIVE;
				GCC_WARN_UNUSED_FUNCTION = YES;
				GCC_WARN_UNUSED_VARIABLE = YES;
				IPHONEOS_DEPLOYMENT_TARGET = 8.0;
				METAL_ENABLE_DEBUG_INFO = YES;
				ONLY_ACTIVE_ARCH = YES;
				SDKROOT = iphoneos;
				SWIFT_OPTIMIZATION_LEVEL = "-Onone";
			};
			name = Debug;
		};
		3D1A5804195CA2EC00D13708 /* Release */ = {
			isa = XCBuildConfiguration;
			buildSettings = {
				ALWAYS_SEARCH_USER_PATHS = NO;
				CLANG_CXX_LANGUAGE_STANDARD = "gnu++0x";
				CLANG_CXX_LIBRARY = "libc++";
				CLANG_ENABLE_MODULES = YES;
				CLANG_ENABLE_OBJC_ARC = YES;
				CLANG_WARN_BOOL_CONVERSION = YES;
				CLANG_WARN_CONSTANT_CONVERSION = YES;
				CLANG_WARN_DIRECT_OBJC_ISA_USAGE = YES_ERROR;
				CLANG_WARN_EMPTY_BODY = YES;
				CLANG_WARN_ENUM_CONVERSION = YES;
				CLANG_WARN_INT_CONVERSION = YES;
				CLANG_WARN_OBJC_ROOT_CLASS = YES_ERROR;
				CLANG_WARN_UNREACHABLE_CODE = YES;
				CLANG_WARN__DUPLICATE_METHOD_MATCH = YES;
				"CODE_SIGN_IDENTITY[sdk=iphoneos*]" = "iPhone Developer";
				COPY_PHASE_STRIP = YES;
				ENABLE_NS_ASSERTIONS = NO;
				ENABLE_STRICT_OBJC_MSGSEND = YES;
				GCC_C_LANGUAGE_STANDARD = gnu99;
				GCC_WARN_64_TO_32_BIT_CONVERSION = YES;
				GCC_WARN_ABOUT_RETURN_TYPE = YES_ERROR;
				GCC_WARN_UNDECLARED_SELECTOR = YES;
				GCC_WARN_UNINITIALIZED_AUTOS = YES_AGGRESSIVE;
				GCC_WARN_UNUSED_FUNCTION = YES;
				GCC_WARN_UNUSED_VARIABLE = YES;
				IPHONEOS_DEPLOYMENT_TARGET = 8.0;
				METAL_ENABLE_DEBUG_INFO = NO;
				SDKROOT = iphoneos;
				VALIDATE_PRODUCT = YES;
			};
			name = Release;
		};
		3D1A5806195CA2EC00D13708 /* Debug */ = {
			isa = XCBuildConfiguration;
			buildSettings = {
				ASSETCATALOG_COMPILER_APPICON_NAME = AppIcon;
				ASSETCATALOG_COMPILER_LAUNCHIMAGE_NAME = LaunchImage;
				INFOPLIST_FILE = PubNubGettingStarted/Info.plist;
				LD_RUNPATH_SEARCH_PATHS = "$(inherited) @executable_path/Frameworks";
				PRODUCT_NAME = "$(TARGET_NAME)";
			};
			name = Debug;
		};
		3D1A5807195CA2EC00D13708 /* Release */ = {
			isa = XCBuildConfiguration;
			buildSettings = {
				ASSETCATALOG_COMPILER_APPICON_NAME = AppIcon;
				ASSETCATALOG_COMPILER_LAUNCHIMAGE_NAME = LaunchImage;
				INFOPLIST_FILE = PubNubGettingStarted/Info.plist;
				LD_RUNPATH_SEARCH_PATHS = "$(inherited) @executable_path/Frameworks";
				PRODUCT_NAME = "$(TARGET_NAME)";
			};
			name = Release;
		};
		3D1A5809195CA2EC00D13708 /* Debug */ = {
			isa = XCBuildConfiguration;
			buildSettings = {
				BUNDLE_LOADER = "$(BUILT_PRODUCTS_DIR)/PubNubGettingStarted.app/PubNubGettingStarted";
				FRAMEWORK_SEARCH_PATHS = (
					"$(SDKROOT)/Developer/Library/Frameworks",
					"$(inherited)",
				);
				GCC_PREPROCESSOR_DEFINITIONS = (
					"DEBUG=1",
					"$(inherited)",
				);
				INFOPLIST_FILE = PubNubGettingStartedTests/Info.plist;
				LD_RUNPATH_SEARCH_PATHS = "$(inherited) @executable_path/Frameworks @loader_path/Frameworks";
				METAL_ENABLE_DEBUG_INFO = YES;
				PRODUCT_NAME = "$(TARGET_NAME)";
				TEST_HOST = "$(BUNDLE_LOADER)";
			};
			name = Debug;
		};
		3D1A580A195CA2EC00D13708 /* Release */ = {
			isa = XCBuildConfiguration;
			buildSettings = {
				BUNDLE_LOADER = "$(BUILT_PRODUCTS_DIR)/PubNubGettingStarted.app/PubNubGettingStarted";
				FRAMEWORK_SEARCH_PATHS = (
					"$(SDKROOT)/Developer/Library/Frameworks",
					"$(inherited)",
				);
				INFOPLIST_FILE = PubNubGettingStartedTests/Info.plist;
				LD_RUNPATH_SEARCH_PATHS = "$(inherited) @executable_path/Frameworks @loader_path/Frameworks";
				METAL_ENABLE_DEBUG_INFO = NO;
				PRODUCT_NAME = "$(TARGET_NAME)";
				TEST_HOST = "$(BUNDLE_LOADER)";
			};
			name = Release;
		};
/* End XCBuildConfiguration section */

/* Begin XCConfigurationList section */
		3D1A57E4195CA2EC00D13708 /* Build configuration list for PBXProject "PubNubGettingStarted" */ = {
			isa = XCConfigurationList;
			buildConfigurations = (
				3D1A5803195CA2EC00D13708 /* Debug */,
				3D1A5804195CA2EC00D13708 /* Release */,
			);
			defaultConfigurationIsVisible = 0;
			defaultConfigurationName = Release;
		};
		3D1A5805195CA2EC00D13708 /* Build configuration list for PBXNativeTarget "PubNubGettingStarted" */ = {
			isa = XCConfigurationList;
			buildConfigurations = (
				3D1A5806195CA2EC00D13708 /* Debug */,
				3D1A5807195CA2EC00D13708 /* Release */,
			);
			defaultConfigurationIsVisible = 0;
		};
		3D1A5808195CA2EC00D13708 /* Build configuration list for PBXNativeTarget "PubNubGettingStartedTests" */ = {
			isa = XCConfigurationList;
			buildConfigurations = (
				3D1A5809195CA2EC00D13708 /* Debug */,
				3D1A580A195CA2EC00D13708 /* Release */,
			);
			defaultConfigurationIsVisible = 0;
		};
/* End XCConfigurationList section */
	};
	rootObject = 3D1A57E1195CA2EC00D13708 /* Project object */;
}
